<?xml version="1.0" encoding="utf-8"?>
<Project ToolsVersion="4.0" xmlns="http://schemas.microsoft.com/developer/msbuild/2003">
  <ItemGroup>
    <Filter Include="Source Files">
      <UniqueIdentifier>{4FC737F1-C7A5-4376-A066-2A32D752A2FF}</UniqueIdentifier>
      <Extensions>cpp;c;cc;cxx;def;odl;idl;hpj;bat;asm;asmx</Extensions>
    </Filter>
    <Filter Include="Header Files">
      <UniqueIdentifier>{93995380-89BD-4b04-88EB-625FBE52EBFB}</UniqueIdentifier>
      <Extensions>h;hpp;hxx;hm;inl;inc;xsd</Extensions>
    </Filter>
    <Filter Include="Resource Files">
      <UniqueIdentifier>{67DA6AB6-F800-4c08-8B7A-83BB121AAD01}</UniqueIdentifier>
      <Extensions>rc;ico;cur;bmp;dlg;rc2;rct;bin;rgs;gif;jpg;jpeg;jpe;resx;tiff;tif;png;wav;mfcribbon-ms</Extensions>
    </Filter>
  </ItemGroup>
  <ItemGroup>
    <ClInclude Include="Solution.h">
      <Filter>Header Files</Filter>
    </ClInclude>
  </ItemGroup>
  <ItemGroup>
    <ClCompile Include="Solution.cpp">
      <Filter>Source Files</Filter>
    </ClCompile>
    <ClCompile Include="LRUCache.cpp">
      <Filter>Source Files</Filter>
    </ClCompile>
    <ClCompile Include="LeetCodeGoogle.cpp">
      <Filter>Source Files</Filter>
    </ClCompile>
    <ClCompile Include="MaximumPath.cpp">
      <Filter>Source Files</Filter>
    </ClCompile>
    <ClCompile Include="StringOps.cpp">
      <Filter>Source Files</Filter>
    </ClCompile>
    <ClCompile Include="LongestPlaindrome.cpp">
      <Filter>Source Files</Filter>
    </ClCompile>
    <ClCompile Include="EvaluateDivisionGraph.cpp">
      <Filter>Source Files</Filter>
    </ClCompile>
    <ClCompile Include="LeetCode.cpp">
      <Filter>Source Files</Filter>
    </ClCompile>
    <ClCompile Include="gRAPH.cpp">
      <Filter>Source Files</Filter>
    </ClCompile>
    <ClCompile Include="SameSentence.cpp">
      <Filter>Source Files</Filter>
    </ClCompile>
    <ClCompile Include="Test.cpp">
      <Filter>Source Files</Filter>
    </ClCompile>
    <ClCompile Include="String.cpp">
      <Filter>Source Files</Filter>
    </ClCompile>
    <ClCompile Include="GFGDScpp.cpp">
      <Filter>Source Files</Filter>
    </ClCompile>
    <ClCompile Include="SpiralMatrix.cpp">
      <Filter>Source Files</Filter>
    </ClCompile>
    <ClCompile Include="1136_ParrallelCourse.cpp">
      <Filter>Source Files</Filter>
    </ClCompile>
    <ClCompile Include="95_UniqueBST_II.cpp">
      <Filter>Source Files</Filter>
    </ClCompile>
    <ClCompile Include="505_MazeII.cpp">
      <Filter>Source Files</Filter>
    </ClCompile>
    <ClCompile Include="76_ClimbingStairs.cpp">
      <Filter>Source Files</Filter>
    </ClCompile>
    <ClCompile Include="1035_UncrossedLine.cpp">
      <Filter>Source Files</Filter>
    </ClCompile>
    <ClCompile Include="322_CoinChange.cpp">
      <Filter>Source Files</Filter>
    </ClCompile>
    <ClCompile Include="155_MinStack.cpp">
      <Filter>Source Files</Filter>
    </ClCompile>
    <ClCompile Include="525_ContigousArray.cpp">
      <Filter>Source Files</Filter>
    </ClCompile>
    <ClCompile Include="368_LargestDivisibleSubset.cpp">
      <Filter>Source Files</Filter>
    </ClCompile>
    <ClCompile Include="468_ValidateIPAddress.cpp">
      <Filter>Source Files</Filter>
    </ClCompile>
    <ClCompile Include="Prison.cpp">
      <Filter>Source Files</Filter>
    </ClCompile>
    <ClCompile Include="Subsets.cpp">
      <Filter>Source Files</Filter>
    </ClCompile>
    <ClCompile Include="190_ReversingBit.cpp">
      <Filter>Source Files</Filter>
    </ClCompile>
    <ClCompile Include="199_BinarySearchRightView.cpp">
      <Filter>Source Files</Filter>
    </ClCompile>
    <ClCompile Include="787_CheapestFlightKStop_BFS.cpp">
      <Filter>Source Files</Filter>
    </ClCompile>
    <ClCompile Include="787_CheapesTFlightKStop_BellmonFord.cpp">
      <Filter>Source Files</Filter>
    </ClCompile>
    <ClCompile Include="787_CheapesTFlightKStop_DFS.cpp">
      <Filter>Source Files</Filter>
    </ClCompile>
    <ClCompile Include="787_CheapesTFlightKStop_DijktrasAlgo.cpp">
      <Filter>Source Files</Filter>
    </ClCompile>
    <ClCompile Include="39_CombinationSum.cpp">
      <Filter>Source Files</Filter>
    </ClCompile>
    <ClCompile Include="980_UniquePathIII.cpp">
      <Filter>Source Files</Filter>
    </ClCompile>
    <ClCompile Include="SubsetGoogle.cpp">
      <Filter>Source Files</Filter>
    </ClCompile>
    <ClCompile Include="ReverseWords.cpp">
      <Filter>Source Files</Filter>
    </ClCompile>
  </ItemGroup>
</Project>